
Microsoft Visual Studio Solution File, Format Version 12.00
# Visual Studio 15
VisualStudioVersion = 15.0.28307.421
MinimumVisualStudioVersion = 10.0.40219.1
Project("{8BC9CEB8-8B4A-11D0-8D11-00A0C91BC942}") = "opencv_putext_zh", "opencv_putext_zh\opencv_putext_zh.vcxproj", "{6B50CE6E-0C33-4266-90AE-8ABB8A305DB2}"
EndProject
Project("{8BC9CEB8-8B4A-11D0-8D11-00A0C91BC942}") = "opencv_test", "..\opencv_test\opencv_test\opencv_test.vcxproj", "{E14E8D09-45DA-4864-90E3-0217D00E5D0D}"
EndProject
Project("{8BC9CEB8-8B4A-11D0-8D11-00A0C91BC942}") = "AlphaBlending", "..\opencv_test\AlphaBlending\AlphaBlending.vcxproj", "{3E33558F-8CD4-45B3-8545-C050172A900B}"
EndProject
Global
	GlobalSection(SolutionConfigurationPlatforms) = preSolution
		Debug|x64 = Debug|x64
		Debug|x86 = Debug|x86
		Release|x64 = Release|x64
		Release|x86 = Release|x86
	EndGlobalSection
	GlobalSection(ProjectConfigurationPlatforms) = postSolution
		{6B50CE6E-0C33-4266-90AE-8ABB8A305DB2}.Debug|x64.ActiveCfg = Debug|x64
		{6B50CE6E-0C33-4266-90AE-8ABB8A305DB2}.Debug|x64.Build.0 = Debug|x64
		{6B50CE6E-0C33-4266-90AE-8ABB8A305DB2}.Debug|x86.ActiveCfg = Debug|Win32
		{6B50CE6E-0C33-4266-90AE-8ABB8A305DB2}.Debug|x86.Build.0 = Debug|Win32
		{6B50CE6E-0C33-4266-90AE-8ABB8A305DB2}.Release|x64.ActiveCfg = Release|x64
		{6B50CE6E-0C33-4266-90AE-8ABB8A305DB2}.Release|x64.Build.0 = Release|x64
		{6B50CE6E-0C33-4266-90AE-8ABB8A305DB2}.Release|x86.ActiveCfg = Release|Win32
		{6B50CE6E-0C33-4266-90AE-8ABB8A305DB2}.Release|x86.Build.0 = Release|Win32
		{E14E8D09-45DA-4864-90E3-0217D00E5D0D}.Debug|x64.ActiveCfg = Debug|x64
		{E14E8D09-45DA-4864-90E3-0217D00E5D0D}.Debug|x64.Build.0 = Debug|x64
		{E14E8D09-45DA-4864-90E3-0217D00E5D0D}.Debug|x86.ActiveCfg = Debug|Win32
		{E14E8D09-45DA-4864-90E3-0217D00E5D0D}.Debug|x86.Build.0 = Debug|Win32
		{E14E8D09-45DA-4864-90E3-0217D00E5D0D}.Release|x64.ActiveCfg = Release|x64
		{E14E8D09-45DA-4864-90E3-0217D00E5D0D}.Release|x64.Build.0 = Release|x64
		{E14E8D09-45DA-4864-90E3-0217D00E5D0D}.Release|x86.ActiveCfg = Release|Win32
		{E14E8D09-45DA-4864-90E3-0217D00E5D0D}.Release|x86.Build.0 = Release|Win32
		{3E33558F-8CD4-45B3-8545-C050172A900B}.Debug|x64.ActiveCfg = Debug|x64
		{3E33558F-8CD4-45B3-8545-C050172A900B}.Debug|x64.Build.0 = Debug|x64
		{3E33558F-8CD4-45B3-8545-C050172A900B}.Debug|x86.ActiveCfg = Debug|Win32
		{3E33558F-8CD4-45B3-8545-C050172A900B}.Debug|x86.Build.0 = Debug|Win32
		{3E33558F-8CD4-45B3-8545-C050172A900B}.Release|x64.ActiveCfg = Release|x64
		{3E33558F-8CD4-45B3-8545-C050172A900B}.Release|x64.Build.0 = Release|x64
		{3E33558F-8CD4-45B3-8545-C050172A900B}.Release|x86.ActiveCfg = Release|Win32
		{3E33558F-8CD4-45B3-8545-C050172A900B}.Release|x86.Build.0 = Release|Win32
	EndGlobalSection
	GlobalSection(SolutionProperties) = preSolution
		HideSolutionNode = FALSE
	EndGlobalSection
	GlobalSection(ExtensibilityGlobals) = postSolution
		SolutionGuid = {9D0DBD01-55FC-49FF-8D68-3AC58429A565}
	EndGlobalSection
EndGlobal
